
Microsoft Visual Studio Solution File, Format Version 12.00
Project("{2150E333-8FDC-42A3-9474-1A3956D46DE8}") = "src", "src", "{827E0CD3-B72D-47B6-A68D-7590B98EB39B}"
EndProject
Project("{FAE04EC0-301F-11D3-BF4B-00C04F79EFBC}") = "Education.Domain", "src\Education.Domain\Education.Domain.csproj", "{1BF86784-D13A-4430-B1DC-4E7D8505CE37}"
EndProject
Project("{FAE04EC0-301F-11D3-BF4B-00C04F79EFBC}") = "Education.Application", "src\Education.Application\Education.Application.csproj", "{984841A3-E99F-4C53-AF0B-52031BD76163}"
EndProject
Project("{FAE04EC0-301F-11D3-BF4B-00C04F79EFBC}") = "Education.Contracts", "src\Education.Contracts\Education.Contracts.csproj", "{61F53C02-498B-4B01-BA9F-7F7F268A8E78}"
EndProject
Project("{FAE04EC0-301F-11D3-BF4B-00C04F79EFBC}") = "Education.Infrastructure", "src\Education.Infrastructure\Education.Infrastructure.csproj", "{FE8A43AA-DDD9-4E81-B20C-C78EDAF00874}"
EndProject
Project("{FAE04EC0-301F-11D3-BF4B-00C04F79EFBC}") = "Education.Web", "src\Education.Web\Education.Web.csproj", "{C7E1B8A7-BD41-483F-912F-D1D271D318CA}"
EndProject
Project("{2150E333-8FDC-42A3-9474-1A3956D46DE8}") = "tests", "tests", "{0AB3BF05-4346-4AA6-1389-037BE0695223}"
EndProject
Project("{FAE04EC0-301F-11D3-BF4B-00C04F79EFBC}") = "Education.Tests", "tests\Education.Tests\Education.Tests.csproj", "{E3CED7A7-BC13-44EF-9CC0-E33D6B4D707E}"
EndProject
Global
	GlobalSection(SolutionConfigurationPlatforms) = preSolution
		Debug|Any CPU = Debug|Any CPU
		Debug|x64 = Debug|x64
		Debug|x86 = Debug|x86
		Release|Any CPU = Release|Any CPU
		Release|x64 = Release|x64
		Release|x86 = Release|x86
	EndGlobalSection
	GlobalSection(ProjectConfigurationPlatforms) = postSolution
		{1BF86784-D13A-4430-B1DC-4E7D8505CE37}.Debug|Any CPU.ActiveCfg = Debug|Any CPU
		{1BF86784-D13A-4430-B1DC-4E7D8505CE37}.Debug|Any CPU.Build.0 = Debug|Any CPU
		{1BF86784-D13A-4430-B1DC-4E7D8505CE37}.Debug|x64.ActiveCfg = Debug|Any CPU
		{1BF86784-D13A-4430-B1DC-4E7D8505CE37}.Debug|x64.Build.0 = Debug|Any CPU
		{1BF86784-D13A-4430-B1DC-4E7D8505CE37}.Debug|x86.ActiveCfg = Debug|Any CPU
		{1BF86784-D13A-4430-B1DC-4E7D8505CE37}.Debug|x86.Build.0 = Debug|Any CPU
		{1BF86784-D13A-4430-B1DC-4E7D8505CE37}.Release|Any CPU.ActiveCfg = Release|Any CPU
		{1BF86784-D13A-4430-B1DC-4E7D8505CE37}.Release|Any CPU.Build.0 = Release|Any CPU
		{1BF86784-D13A-4430-B1DC-4E7D8505CE37}.Release|x64.ActiveCfg = Release|Any CPU
		{1BF86784-D13A-4430-B1DC-4E7D8505CE37}.Release|x64.Build.0 = Release|Any CPU
		{1BF86784-D13A-4430-B1DC-4E7D8505CE37}.Release|x86.ActiveCfg = Release|Any CPU
		{1BF86784-D13A-4430-B1DC-4E7D8505CE37}.Release|x86.Build.0 = Release|Any CPU
		{984841A3-E99F-4C53-AF0B-52031BD76163}.Debug|Any CPU.ActiveCfg = Debug|Any CPU
		{984841A3-E99F-4C53-AF0B-52031BD76163}.Debug|Any CPU.Build.0 = Debug|Any CPU
		{984841A3-E99F-4C53-AF0B-52031BD76163}.Debug|x64.ActiveCfg = Debug|Any CPU
		{984841A3-E99F-4C53-AF0B-52031BD76163}.Debug|x64.Build.0 = Debug|Any CPU
		{984841A3-E99F-4C53-AF0B-52031BD76163}.Debug|x86.ActiveCfg = Debug|Any CPU
		{984841A3-E99F-4C53-AF0B-52031BD76163}.Debug|x86.Build.0 = Debug|Any CPU
		{984841A3-E99F-4C53-AF0B-52031BD76163}.Release|Any CPU.ActiveCfg = Release|Any CPU
		{984841A3-E99F-4C53-AF0B-52031BD76163}.Release|Any CPU.Build.0 = Release|Any CPU
		{984841A3-E99F-4C53-AF0B-52031BD76163}.Release|x64.ActiveCfg = Release|Any CPU
		{984841A3-E99F-4C53-AF0B-52031BD76163}.Release|x64.Build.0 = Release|Any CPU
		{984841A3-E99F-4C53-AF0B-52031BD76163}.Release|x86.ActiveCfg = Release|Any CPU
		{984841A3-E99F-4C53-AF0B-52031BD76163}.Release|x86.Build.0 = Release|Any CPU
		{61F53C02-498B-4B01-BA9F-7F7F268A8E78}.Debug|Any CPU.ActiveCfg = Debug|Any CPU
		{61F53C02-498B-4B01-BA9F-7F7F268A8E78}.Debug|Any CPU.Build.0 = Debug|Any CPU
		{61F53C02-498B-4B01-BA9F-7F7F268A8E78}.Debug|x64.ActiveCfg = Debug|Any CPU
		{61F53C02-498B-4B01-BA9F-7F7F268A8E78}.Debug|x64.Build.0 = Debug|Any CPU
		{61F53C02-498B-4B01-BA9F-7F7F268A8E78}.Debug|x86.ActiveCfg = Debug|Any CPU
		{61F53C02-498B-4B01-BA9F-7F7F268A8E78}.Debug|x86.Build.0 = Debug|Any CPU
		{61F53C02-498B-4B01-BA9F-7F7F268A8E78}.Release|Any CPU.ActiveCfg = Release|Any CPU
		{61F53C02-498B-4B01-BA9F-7F7F268A8E78}.Release|Any CPU.Build.0 = Release|Any CPU
		{61F53C02-498B-4B01-BA9F-7F7F268A8E78}.Release|x64.ActiveCfg = Release|Any CPU
		{61F53C02-498B-4B01-BA9F-7F7F268A8E78}.Release|x64.Build.0 = Release|Any CPU
		{61F53C02-498B-4B01-BA9F-7F7F268A8E78}.Release|x86.ActiveCfg = Release|Any CPU
		{61F53C02-498B-4B01-BA9F-7F7F268A8E78}.Release|x86.Build.0 = Release|Any CPU
		{FE8A43AA-DDD9-4E81-B20C-C78EDAF00874}.Debug|Any CPU.ActiveCfg = Debug|Any CPU
		{FE8A43AA-DDD9-4E81-B20C-C78EDAF00874}.Debug|Any CPU.Build.0 = Debug|Any CPU
		{FE8A43AA-DDD9-4E81-B20C-C78EDAF00874}.Debug|x64.ActiveCfg = Debug|Any CPU
		{FE8A43AA-DDD9-4E81-B20C-C78EDAF00874}.Debug|x64.Build.0 = Debug|Any CPU
		{FE8A43AA-DDD9-4E81-B20C-C78EDAF00874}.Debug|x86.ActiveCfg = Debug|Any CPU
		{FE8A43AA-DDD9-4E81-B20C-C78EDAF00874}.Debug|x86.Build.0 = Debug|Any CPU
		{FE8A43AA-DDD9-4E81-B20C-C78EDAF00874}.Release|Any CPU.ActiveCfg = Release|Any CPU
		{FE8A43AA-DDD9-4E81-B20C-C78EDAF00874}.Release|Any CPU.Build.0 = Release|Any CPU
		{FE8A43AA-DDD9-4E81-B20C-C78EDAF00874}.Release|x64.ActiveCfg = Release|Any CPU
		{FE8A43AA-DDD9-4E81-B20C-C78EDAF00874}.Release|x64.Build.0 = Release|Any CPU
		{FE8A43AA-DDD9-4E81-B20C-C78EDAF00874}.Release|x86.ActiveCfg = Release|Any CPU
		{FE8A43AA-DDD9-4E81-B20C-C78EDAF00874}.Release|x86.Build.0 = Release|Any CPU
		{C7E1B8A7-BD41-483F-912F-D1D271D318CA}.Debug|Any CPU.ActiveCfg = Debug|Any CPU
		{C7E1B8A7-BD41-483F-912F-D1D271D318CA}.Debug|Any CPU.Build.0 = Debug|Any CPU
		{C7E1B8A7-BD41-483F-912F-D1D271D318CA}.Debug|x64.ActiveCfg = Debug|Any CPU
		{C7E1B8A7-BD41-483F-912F-D1D271D318CA}.Debug|x64.Build.0 = Debug|Any CPU
		{C7E1B8A7-BD41-483F-912F-D1D271D318CA}.Debug|x86.ActiveCfg = Debug|Any CPU
		{C7E1B8A7-BD41-483F-912F-D1D271D318CA}.Debug|x86.Build.0 = Debug|Any CPU
		{C7E1B8A7-BD41-483F-912F-D1D271D318CA}.Release|Any CPU.ActiveCfg = Release|Any CPU
		{C7E1B8A7-BD41-483F-912F-D1D271D318CA}.Release|Any CPU.Build.0 = Release|Any CPU
		{C7E1B8A7-BD41-483F-912F-D1D271D318CA}.Release|x64.ActiveCfg = Release|Any CPU
		{C7E1B8A7-BD41-483F-912F-D1D271D318CA}.Release|x64.Build.0 = Release|Any CPU
		{C7E1B8A7-BD41-483F-912F-D1D271D318CA}.Release|x86.ActiveCfg = Release|Any CPU
		{C7E1B8A7-BD41-483F-912F-D1D271D318CA}.Release|x86.Build.0 = Release|Any CPU
		{E3CED7A7-BC13-44EF-9CC0-E33D6B4D707E}.Debug|Any CPU.ActiveCfg = Debug|Any CPU
		{E3CED7A7-BC13-44EF-9CC0-E33D6B4D707E}.Debug|Any CPU.Build.0 = Debug|Any CPU
		{E3CED7A7-BC13-44EF-9CC0-E33D6B4D707E}.Debug|x64.ActiveCfg = Debug|Any CPU
		{E3CED7A7-BC13-44EF-9CC0-E33D6B4D707E}.Debug|x64.Build.0 = Debug|Any CPU
		{E3CED7A7-BC13-44EF-9CC0-E33D6B4D707E}.Debug|x86.ActiveCfg = Debug|Any CPU
		{E3CED7A7-BC13-44EF-9CC0-E33D6B4D707E}.Debug|x86.Build.0 = Debug|Any CPU
		{E3CED7A7-BC13-44EF-9CC0-E33D6B4D707E}.Release|Any CPU.ActiveCfg = Release|Any CPU
		{E3CED7A7-BC13-44EF-9CC0-E33D6B4D707E}.Release|Any CPU.Build.0 = Release|Any CPU
		{E3CED7A7-BC13-44EF-9CC0-E33D6B4D707E}.Release|x64.ActiveCfg = Release|Any CPU
		{E3CED7A7-BC13-44EF-9CC0-E33D6B4D707E}.Release|x64.Build.0 = Release|Any CPU
		{E3CED7A7-BC13-44EF-9CC0-E33D6B4D707E}.Release|x86.ActiveCfg = Release|Any CPU
		{E3CED7A7-BC13-44EF-9CC0-E33D6B4D707E}.Release|x86.Build.0 = Release|Any CPU
	EndGlobalSection
	GlobalSection(SolutionProperties) = preSolution
		HideSolutionNode = FALSE
	EndGlobalSection
	GlobalSection(NestedProjects) = preSolution
		{1BF86784-D13A-4430-B1DC-4E7D8505CE37} = {827E0CD3-B72D-47B6-A68D-7590B98EB39B}
		{984841A3-E99F-4C53-AF0B-52031BD76163} = {827E0CD3-B72D-47B6-A68D-7590B98EB39B}
		{61F53C02-498B-4B01-BA9F-7F7F268A8E78} = {827E0CD3-B72D-47B6-A68D-7590B98EB39B}
		{FE8A43AA-DDD9-4E81-B20C-C78EDAF00874} = {827E0CD3-B72D-47B6-A68D-7590B98EB39B}
		{C7E1B8A7-BD41-483F-912F-D1D271D318CA} = {827E0CD3-B72D-47B6-A68D-7590B98EB39B}
		{E3CED7A7-BC13-44EF-9CC0-E33D6B4D707E} = {0AB3BF05-4346-4AA6-1389-037BE0695223}
	EndGlobalSection
EndGlobal
